
Microsoft Visual Studio Solution File, Format Version 12.00
Project("{FAE04EC0-301F-11D3-BF4B-00C04F79EFBC}") = "DaprTransactionalOutbox.AppHost", "DaprTransactionalOutbox.AppHost\DaprTransactionalOutbox.AppHost.csproj", "{FBC0D8AC-3EA8-4EED-90A6-271BC37C07ED}"
EndProject
Project("{FAE04EC0-301F-11D3-BF4B-00C04F79EFBC}") = "DaprTransactionalOutbox.ServiceDefaults", "DaprTransactionalOutbox.ServiceDefaults\DaprTransactionalOutbox.ServiceDefaults.csproj", "{BF2B562B-3A23-4F95-B098-65F9A956EA1C}"
EndProject
Project("{FAE04EC0-301F-11D3-BF4B-00C04F79EFBC}") = "DaprTransactionalOutbox.Producer", "DaprTransactionalOutbox.Producer\DaprTransactionalOutbox.Producer.csproj", "{06011202-D54E-40C7-A406-2493605C9D9C}"
EndProject
Project("{FAE04EC0-301F-11D3-BF4B-00C04F79EFBC}") = "DaprTransactionalOutbox.Consumer", "DaprTransactionalOutbox.Consumer\DaprTransactionalOutbox.Consumer.csproj", "{0718D0D9-7A0B-4513-960C-702F0758620E}"
EndProject
Project("{2150E333-8FDC-42A3-9474-1A3956D46DE8}") = "DockerCompose", "DockerCompose", "{7A62CD58-9DFC-4D5E-9800-376F91C03112}"
	ProjectSection(SolutionItems) = preProject
		docker-compose.yaml = docker-compose.yaml
		.env = .env
	EndProjectSection
EndProject
Project("{2150E333-8FDC-42A3-9474-1A3956D46DE8}") = "DaprComponents", "DaprComponents", "{8302529D-A9B9-4970-9AFE-91D0A4BFEC59}"
	ProjectSection(SolutionItems) = preProject
		components\pubsub.yaml = components\pubsub.yaml
		components\statestore.yaml = components\statestore.yaml
		components\pubsub-outbox.yaml = components\pubsub-outbox.yaml
	EndProjectSection
EndProject
Project("{2150E333-8FDC-42A3-9474-1A3956D46DE8}") = "StressTests", "StressTests", "{4C183798-3250-42A3-B899-A6D261FEF8EF}"
EndProject
Global
	GlobalSection(SolutionConfigurationPlatforms) = preSolution
		Debug|Any CPU = Debug|Any CPU
		Release|Any CPU = Release|Any CPU
	EndGlobalSection
	GlobalSection(ProjectConfigurationPlatforms) = postSolution
		{FBC0D8AC-3EA8-4EED-90A6-271BC37C07ED}.Debug|Any CPU.ActiveCfg = Debug|Any CPU
		{FBC0D8AC-3EA8-4EED-90A6-271BC37C07ED}.Debug|Any CPU.Build.0 = Debug|Any CPU
		{FBC0D8AC-3EA8-4EED-90A6-271BC37C07ED}.Release|Any CPU.ActiveCfg = Release|Any CPU
		{FBC0D8AC-3EA8-4EED-90A6-271BC37C07ED}.Release|Any CPU.Build.0 = Release|Any CPU
		{BF2B562B-3A23-4F95-B098-65F9A956EA1C}.Debug|Any CPU.ActiveCfg = Debug|Any CPU
		{BF2B562B-3A23-4F95-B098-65F9A956EA1C}.Debug|Any CPU.Build.0 = Debug|Any CPU
		{BF2B562B-3A23-4F95-B098-65F9A956EA1C}.Release|Any CPU.ActiveCfg = Release|Any CPU
		{BF2B562B-3A23-4F95-B098-65F9A956EA1C}.Release|Any CPU.Build.0 = Release|Any CPU
		{06011202-D54E-40C7-A406-2493605C9D9C}.Debug|Any CPU.ActiveCfg = Debug|Any CPU
		{06011202-D54E-40C7-A406-2493605C9D9C}.Debug|Any CPU.Build.0 = Debug|Any CPU
		{06011202-D54E-40C7-A406-2493605C9D9C}.Release|Any CPU.ActiveCfg = Release|Any CPU
		{06011202-D54E-40C7-A406-2493605C9D9C}.Release|Any CPU.Build.0 = Release|Any CPU
		{0718D0D9-7A0B-4513-960C-702F0758620E}.Debug|Any CPU.ActiveCfg = Debug|Any CPU
		{0718D0D9-7A0B-4513-960C-702F0758620E}.Debug|Any CPU.Build.0 = Debug|Any CPU
		{0718D0D9-7A0B-4513-960C-702F0758620E}.Release|Any CPU.ActiveCfg = Release|Any CPU
		{0718D0D9-7A0B-4513-960C-702F0758620E}.Release|Any CPU.Build.0 = Release|Any CPU
	EndGlobalSection
EndGlobal
